
Microsoft Visual Studio Solution File, Format Version 12.00
# Visual Studio 2013
VisualStudioVersion = 12.0.21005.1
MinimumVisualStudioVersion = 10.0.40219.1
Project("{FAE04EC0-301F-11D3-BF4B-00C04F79EFBC}") = "Inventory System", "Inventory System\Inventory System.csproj", "{286F4A8C-C6FB-4BE0-BC83-1FD77C3EB0EF}"
EndProject
Global
	GlobalSection(SolutionConfigurationPlatforms) = preSolution
		Debug|Any CPU = Debug|Any CPU
		Release|Any CPU = Release|Any CPU
	EndGlobalSection
	GlobalSection(ProjectConfigurationPlatforms) = postSolution
		{286F4A8C-C6FB-4BE0-BC83-1FD77C3EB0EF}.Debug|Any CPU.ActiveCfg = Debug|Any CPU
		{286F4A8C-C6FB-4BE0-BC83-1FD77C3EB0EF}.Debug|Any CPU.Build.0 = Debug|Any CPU
		{286F4A8C-C6FB-4BE0-BC83-1FD77C3EB0EF}.Release|Any CPU.ActiveCfg = Release|Any CPU
		{286F4A8C-C6FB-4BE0-BC83-1FD77C3EB0EF}.Release|Any CPU.Build.0 = Release|Any CPU
	EndGlobalSection
	GlobalSection(SolutionProperties) = preSolution
		HideSolutionNode = FALSE
	EndGlobalSection
EndGlobal
